// !$*UTF8*$!
{
	archiveVersion = 1;
	classes = {
	};
	objectVersion = 56;
	objects = {

/* Begin PBXBuildFile section */
		6608B1222AEECD7C0076EE0B /* AppDelegate.swift in Sources */ = {isa = PBXBuildFile; fileRef = 6608B1212AEECD7C0076EE0B /* AppDelegate.swift */; };
		6608B1242AEECD7C0076EE0B /* SceneDelegate.swift in Sources */ = {isa = PBXBuildFile; fileRef = 6608B1232AEECD7C0076EE0B /* SceneDelegate.swift */; };
		6608B1262AEECD7C0076EE0B /* ViewController.swift in Sources */ = {isa = PBXBuildFile; fileRef = 6608B1252AEECD7C0076EE0B /* ViewController.swift */; };
		6608B1292AEECD7C0076EE0B /* Main.storyboard in Resources */ = {isa = PBXBuildFile; fileRef = 6608B1272AEECD7C0076EE0B /* Main.storyboard */; };
		6608B12B2AEECD7D0076EE0B /* Assets.xcassets in Resources */ = {isa = PBXBuildFile; fileRef = 6608B12A2AEECD7D0076EE0B /* Assets.xcassets */; };
		6608B12E2AEECD7D0076EE0B /* LaunchScreen.storyboard in Resources */ = {isa = PBXBuildFile; fileRef = 6608B12C2AEECD7D0076EE0B /* LaunchScreen.storyboard */; };
		6608B13E2AEED5F70076EE0B /* MealsTableViewCell.swift in Sources */ = {isa = PBXBuildFile; fileRef = 6608B13D2AEED5F70076EE0B /* MealsTableViewCell.swift */; };
		6608B1402AEED7940076EE0B /* Meal.swift in Sources */ = {isa = PBXBuildFile; fileRef = 6608B13F2AEED7940076EE0B /* Meal.swift */; };
		6608B1422AEED8440076EE0B /* ApiService.swift in Sources */ = {isa = PBXBuildFile; fileRef = 6608B1412AEED8440076EE0B /* ApiService.swift */; };
		6608B1442AEEDD990076EE0B /* MealViewModel.swift in Sources */ = {isa = PBXBuildFile; fileRef = 6608B1432AEEDD990076EE0B /* MealViewModel.swift */; };
/* End PBXBuildFile section */

/* Begin PBXFileReference section */
		6608B11E2AEECD7C0076EE0B /* iucYemek.app */ = {isa = PBXFileReference; explicitFileType = wrapper.application; includeInIndex = 0; path = iucYemek.app; sourceTree = BUILT_PRODUCTS_DIR; };
		6608B1212AEECD7C0076EE0B /* AppDelegate.swift */ = {isa = PBXFileReference; lastKnownFileType = sourcecode.swift; path = AppDelegate.swift; sourceTree = "<group>"; };
		6608B1232AEECD7C0076EE0B /* SceneDelegate.swift */ = {isa = PBXFileReference; lastKnownFileType = sourcecode.swift; path = SceneDelegate.swift; sourceTree = "<group>"; };
		6608B1252AEECD7C0076EE0B /* ViewController.swift */ = {isa = PBXFileReference; lastKnownFileType = sourcecode.swift; path = ViewController.swift; sourceTree = "<group>"; };
		6608B1282AEECD7C0076EE0B /* Base */ = {isa = PBXFileReference; lastKnownFileType = file.storyboard; name = Base; path = Base.lproj/Main.storyboard; sourceTree = "<group>"; };
		6608B12A2AEECD7D0076EE0B /* Assets.xcassets */ = {isa = PBXFileReference; lastKnownFileType = folder.assetcatalog; path = Assets.xcassets; sourceTree = "<group>"; };
		6608B12D2AEECD7D0076EE0B /* Base */ = {isa = PBXFileReference; lastKnownFileType = file.storyboard; name = Base; path = Base.lproj/LaunchScreen.storyboard; sourceTree = "<group>"; };
		6608B12F2AEECD7D0076EE0B /* Info.plist */ = {isa = PBXFileReference; lastKnownFileType = text.plist.xml; path = Info.plist; sourceTree = "<group>"; };
		6608B13D2AEED5F70076EE0B /* MealsTableViewCell.swift */ = {isa = PBXFileReference; lastKnownFileType = sourcecode.swift; path = MealsTableViewCell.swift; sourceTree = "<group>"; };
		6608B13F2AEED7940076EE0B /* Meal.swift */ = {isa = PBXFileReference; lastKnownFileType = sourcecode.swift; path = Meal.swift; sourceTree = "<group>"; };
		6608B1412AEED8440076EE0B /* ApiService.swift */ = {isa = PBXFileReference; lastKnownFileType = sourcecode.swift; path = ApiService.swift; sourceTree = "<group>"; };
		6608B1432AEEDD990076EE0B /* MealViewModel.swift */ = {isa = PBXFileReference; lastKnownFileType = sourcecode.swift; path = MealViewModel.swift; sourceTree = "<group>"; };
/* End PBXFileReference section */

/* Begin PBXFrameworksBuildPhase section */
		6608B11B2AEECD7C0076EE0B /* Frameworks */ = {
			isa = PBXFrameworksBuildPhase;
			buildActionMask = 2147483647;
			files = (
			);
			runOnlyForDeploymentPostprocessing = 0;
		};
/* End PBXFrameworksBuildPhase section */

/* Begin PBXGroup section */
		6608B1152AEECD7C0076EE0B = {
			isa = PBXGroup;
			children = (
				6608B1202AEECD7C0076EE0B /* iucYemek */,
				6608B11F2AEECD7C0076EE0B /* Products */,
			);
			sourceTree = "<group>";
		};
		6608B11F2AEECD7C0076EE0B /* Products */ = {
			isa = PBXGroup;
			children = (
				6608B11E2AEECD7C0076EE0B /* iucYemek.app */,
			);
			name = Products;
			sourceTree = "<group>";
		};
		6608B1202AEECD7C0076EE0B /* iucYemek */ = {
			isa = PBXGroup;
			children = (
				6608B1352AEECEE70076EE0B /* Services */,
				6608B1372AEED3EC0076EE0B /* Model */,
				6608B1362AEED3810076EE0B /* View */,
				6608B1382AEED4040076EE0B /* ViewModel */,
				6608B1392AEED4690076EE0B /* Resources */,
				6608B1212AEECD7C0076EE0B /* AppDelegate.swift */,
				6608B1232AEECD7C0076EE0B /* SceneDelegate.swift */,
				6608B12F2AEECD7D0076EE0B /* Info.plist */,
			);
			path = iucYemek;
			sourceTree = "<group>";
		};
		6608B1352AEECEE70076EE0B /* Services */ = {
			isa = PBXGroup;
			children = (
				6608B1412AEED8440076EE0B /* ApiService.swift */,
			);
			path = Services;
			sourceTree = "<group>";
		};
		6608B1362AEED3810076EE0B /* View */ = {
			isa = PBXGroup;
			children = (
				6608B1252AEECD7C0076EE0B /* ViewController.swift */,
				6608B13D2AEED5F70076EE0B /* MealsTableViewCell.swift */,
			);
			path = View;
			sourceTree = "<group>";
		};
		6608B1372AEED3EC0076EE0B /* Model */ = {
			isa = PBXGroup;
			children = (
				6608B13F2AEED7940076EE0B /* Meal.swift */,
			);
			path = Model;
			sourceTree = "<group>";
		};
		6608B1382AEED4040076EE0B /* ViewModel */ = {
			isa = PBXGroup;
			children = (
				6608B1432AEEDD990076EE0B /* MealViewModel.swift */,
			);
			path = ViewModel;
			sourceTree = "<group>";
		};
		6608B1392AEED4690076EE0B /* Resources */ = {
			isa = PBXGroup;
			children = (
				6608B13B2AEED4820076EE0B /* Assets */,
				6608B13A2AEED4750076EE0B /* Storyboards */,
			);
			path = Resources;
			sourceTree = "<group>";
		};
		6608B13A2AEED4750076EE0B /* Storyboards */ = {
			isa = PBXGroup;
			children = (
				6608B1272AEECD7C0076EE0B /* Main.storyboard */,
				6608B12C2AEECD7D0076EE0B /* LaunchScreen.storyboard */,
			);
			path = Storyboards;
			sourceTree = "<group>";
		};
		6608B13B2AEED4820076EE0B /* Assets */ = {
			isa = PBXGroup;
			children = (
				6608B12A2AEECD7D0076EE0B /* Assets.xcassets */,
			);
			path = Assets;
			sourceTree = "<group>";
		};
/* End PBXGroup section */

/* Begin PBXNativeTarget section */
		6608B11D2AEECD7C0076EE0B /* iucYemek */ = {
			isa = PBXNativeTarget;
			buildConfigurationList = 6608B1322AEECD7D0076EE0B /* Build configuration list for PBXNativeTarget "iucYemek" */;
			buildPhases = (
				6608B11A2AEECD7C0076EE0B /* Sources */,
				6608B11B2AEECD7C0076EE0B /* Frameworks */,
				6608B11C2AEECD7C0076EE0B /* Resources */,
			);
			buildRules = (
			);
			dependencies = (
			);
			name = iucYemek;
			productName = iucYemek;
			productReference = 6608B11E2AEECD7C0076EE0B /* iucYemek.app */;
			productType = "com.apple.product-type.application";
		};
/* End PBXNativeTarget section */

/* Begin PBXProject section */
		6608B1162AEECD7C0076EE0B /* Project object */ = {
			isa = PBXProject;
			attributes = {
				BuildIndependentTargetsInParallel = 1;
				LastSwiftUpdateCheck = 1500;
				LastUpgradeCheck = 1500;
				TargetAttributes = {
					6608B11D2AEECD7C0076EE0B = {
						CreatedOnToolsVersion = 15.0;
					};
				};
			};
			buildConfigurationList = 6608B1192AEECD7C0076EE0B /* Build configuration list for PBXProject "iucYemek" */;
			compatibilityVersion = "Xcode 14.0";
			developmentRegion = en;
			hasScannedForEncodings = 0;
			knownRegions = (
				en,
				Base,
			);
			mainGroup = 6608B1152AEECD7C0076EE0B;
			productRefGroup = 6608B11F2AEECD7C0076EE0B /* Products */;
			projectDirPath = "";
			projectRoot = "";
			targets = (
				6608B11D2AEECD7C0076EE0B /* iucYemek */,
			);
		};
/* End PBXProject section */

/* Begin PBXResourcesBuildPhase section */
		6608B11C2AEECD7C0076EE0B /* Resources */ = {
			isa = PBXResourcesBuildPhase;
			buildActionMask = 2147483647;
			files = (
				6608B12E2AEECD7D0076EE0B /* LaunchScreen.storyboard in Resources */,
				6608B12B2AEECD7D0076EE0B /* Assets.xcassets in Resources */,
				6608B1292AEECD7C0076EE0B /* Main.storyboard in Resources */,
			);
			runOnlyForDeploymentPostprocessing = 0;
		};
/* End PBXResourcesBuildPhase section */

/* Begin PBXSourcesBuildPhase section */
		6608B11A2AEECD7C0076EE0B /* Sources */ = {
			isa = PBXSourcesBuildPhase;
			buildActionMask = 2147483647;
			files = (
				6608B1402AEED7940076EE0B /* Meal.swift in Sources */,
				6608B1442AEEDD990076EE0B /* MealViewModel.swift in Sources */,
				6608B13E2AEED5F70076EE0B /* MealsTableViewCell.swift in Sources */,
				6608B1422AEED8440076EE0B /* ApiService.swift in Sources */,
				6608B1262AEECD7C0076EE0B /* ViewController.swift in Sources */,
				6608B1222AEECD7C0076EE0B /* AppDelegate.swift in Sources */,
				6608B1242AEECD7C0076EE0B /* SceneDelegate.swift in Sources */,
			);
			runOnlyForDeploymentPostprocessing = 0;
		};
/* End PBXSourcesBuildPhase section */

/* Begin PBXVariantGroup section */
		6608B1272AEECD7C0076EE0B /* Main.storyboard */ = {
			isa = PBXVariantGroup;
			children = (
				6608B1282AEECD7C0076EE0B /* Base */,
			);
			name = Main.storyboard;
			sourceTree = "<group>";
		};
		6608B12C2AEECD7D0076EE0B /* LaunchScreen.storyboard */ = {
			isa = PBXVariantGroup;
			children = (
				6608B12D2AEECD7D0076EE0B /* Base */,
			);
			name = LaunchScreen.storyboard;
			sourceTree = "<group>";
		};
/* End PBXVariantGroup section */

/* Begin XCBuildConfiguration section */
		6608B1302AEECD7D0076EE0B /* Debug */ = {
			isa = XCBuildConfiguration;
			buildSettings = {
				ALWAYS_SEARCH_USER_PATHS = NO;
				ASSETCATALOG_COMPILER_GENERATE_SWIFT_ASSET_SYMBOL_EXTENSIONS = YES;
				CLANG_ANALYZER_NONNULL = YES;
				CLANG_ANALYZER_NUMBER_OBJECT_CONVERSION = YES_AGGRESSIVE;
				CLANG_CXX_LANGUAGE_STANDARD = "gnu++20";
				CLANG_ENABLE_MODULES = YES;
				CLANG_ENABLE_OBJC_ARC = YES;
				CLANG_ENABLE_OBJC_WEAK = YES;
				CLANG_WARN_BLOCK_CAPTURE_AUTORELEASING = YES;
				CLANG_WARN_BOOL_CONVERSION = YES;
				CLANG_WARN_COMMA = YES;
				CLANG_WARN_CONSTANT_CONVERSION = YES;
				CLANG_WARN_DEPRECATED_OBJC_IMPLEMENTATIONS = YES;
				CLANG_WARN_DIRECT_OBJC_ISA_USAGE = YES_ERROR;
				CLANG_WARN_DOCUMENTATION_COMMENTS = YES;
				CLANG_WARN_EMPTY_BODY = YES;
				CLANG_WARN_ENUM_CONVERSION = YES;
				CLANG_WARN_INFINITE_RECURSION = YES;
				CLANG_WARN_INT_CONVERSION = YES;
				CLANG_WARN_NON_LITERAL_NULL_CONVERSION = YES;
				CLANG_WARN_OBJC_IMPLICIT_RETAIN_SELF = YES;
				CLANG_WARN_OBJC_LITERAL_CONVERSION = YES;
				CLANG_WARN_OBJC_ROOT_CLASS = YES_ERROR;
				CLANG_WARN_QUOTED_INCLUDE_IN_FRAMEWORK_HEADER = YES;
				CLANG_WARN_RANGE_LOOP_ANALYSIS = YES;
				CLANG_WARN_STRICT_PROTOTYPES = YES;
				CLANG_WARN_SUSPICIOUS_MOVE = YES;
				CLANG_WARN_UNGUARDED_AVAILABILITY = YES_AGGRESSIVE;
				CLANG_WARN_UNREACHABLE_CODE = YES;
				CLANG_WARN__DUPLICATE_METHOD_MATCH = YES;
				COPY_PHASE_STRIP = NO;
				DEBUG_INFORMATION_FORMAT = dwarf;
				ENABLE_STRICT_OBJC_MSGSEND = YES;
				ENABLE_TESTABILITY = YES;
				ENABLE_USER_SCRIPT_SANDBOXING = YES;
				GCC_C_LANGUAGE_STANDARD = gnu17;
				GCC_DYNAMIC_NO_PIC = NO;
				GCC_NO_COMMON_BLOCKS = YES;
				GCC_OPTIMIZATION_LEVEL = 0;
				GCC_PREPROCESSOR_DEFINITIONS = (
					"DEBUG=1",
					"$(inherited)",
				);
				GCC_WARN_64_TO_32_BIT_CONVERSION = YES;
				GCC_WARN_ABOUT_RETURN_TYPE = YES_ERROR;
				GCC_WARN_UNDECLARED_SELECTOR = YES;
				GCC_WARN_UNINITIALIZED_AUTOS = YES_AGGRESSIVE;
				GCC_WARN_UNUSED_FUNCTION = YES;
				GCC_WARN_UNUSED_VARIABLE = YES;
				IPHONEOS_DEPLOYMENT_TARGET = 17.0;
				LOCALIZATION_PREFERS_STRING_CATALOGS = YES;
				MTL_ENABLE_DEBUG_INFO = INCLUDE_SOURCE;
				MTL_FAST_MATH = YES;
				ONLY_ACTIVE_ARCH = YES;
				SDKROOT = iphoneos;
				SWIFT_ACTIVE_COMPILATION_CONDITIONS = "DEBUG $(inherited)";
				SWIFT_OPTIMIZATION_LEVEL = "-Onone";
			};
			name = Debug;
		};
		6608B1312AEECD7D0076EE0B /* Release */ = {
			isa = XCBuildConfiguration;
			buildSettings = {
				ALWAYS_SEARCH_USER_PATHS = NO;
				ASSETCATALOG_COMPILER_GENERATE_SWIFT_ASSET_SYMBOL_EXTENSIONS = YES;
				CLANG_ANALYZER_NONNULL = YES;
				CLANG_ANALYZER_NUMBER_OBJECT_CONVERSION = YES_AGGRESSIVE;
				CLANG_CXX_LANGUAGE_STANDARD = "gnu++20";
				CLANG_ENABLE_MODULES = YES;
				CLANG_ENABLE_OBJC_ARC = YES;
				CLANG_ENABLE_OBJC_WEAK = YES;
				CLANG_WARN_BLOCK_CAPTURE_AUTORELEASING = YES;
				CLANG_WARN_BOOL_CONVERSION = YES;
				CLANG_WARN_COMMA = YES;
				CLANG_WARN_CONSTANT_CONVERSION = YES;
				CLANG_WARN_DEPRECATED_OBJC_IMPLEMENTATIONS = YES;
				CLANG_WARN_DIRECT_OBJC_ISA_USAGE = YES_ERROR;
				CLANG_WARN_DOCUMENTATION_COMMENTS = YES;
				CLANG_WARN_EMPTY_BODY = YES;
				CLANG_WARN_ENUM_CONVERSION = YES;
				CLANG_WARN_INFINITE_RECURSION = YES;
				CLANG_WARN_INT_CONVERSION = YES;
				CLANG_WARN_NON_LITERAL_NULL_CONVERSION = YES;
				CLANG_WARN_OBJC_IMPLICIT_RETAIN_SELF = YES;
				CLANG_WARN_OBJC_LITERAL_CONVERSION = YES;
				CLANG_WARN_OBJC_ROOT_CLASS = YES_ERROR;
				CLANG_WARN_QUOTED_INCLUDE_IN_FRAMEWORK_HEADER = YES;
				CLANG_WARN_RANGE_LOOP_ANALYSIS = YES;
				CLANG_WARN_STRICT_PROTOTYPES = YES;
				CLANG_WARN_SUSPICIOUS_MOVE = YES;
				CLANG_WARN_UNGUARDED_AVAILABILITY = YES_AGGRESSIVE;
				CLANG_WARN_UNREACHABLE_CODE = YES;
				CLANG_WARN__DUPLICATE_METHOD_MATCH = YES;
				COPY_PHASE_STRIP = NO;
				DEBUG_INFORMATION_FORMAT = "dwarf-with-dsym";
				ENABLE_NS_ASSERTIONS = NO;
				ENABLE_STRICT_OBJC_MSGSEND = YES;
				ENABLE_USER_SCRIPT_SANDBOXING = YES;
				GCC_C_LANGUAGE_STANDARD = gnu17;
				GCC_NO_COMMON_BLOCKS = YES;
				GCC_WARN_64_TO_32_BIT_CONVERSION = YES;
				GCC_WARN_ABOUT_RETURN_TYPE = YES_ERROR;
				GCC_WARN_UNDECLARED_SELECTOR = YES;
				GCC_WARN_UNINITIALIZED_AUTOS = YES_AGGRESSIVE;
				GCC_WARN_UNUSED_FUNCTION = YES;
				GCC_WARN_UNUSED_VARIABLE = YES;
				IPHONEOS_DEPLOYMENT_TARGET = 17.0;
				LOCALIZATION_PREFERS_STRING_CATALOGS = YES;
				MTL_ENABLE_DEBUG_INFO = NO;
				MTL_FAST_MATH = YES;
				SDKROOT = iphoneos;
				SWIFT_COMPILATION_MODE = wholemodule;
				VALIDATE_PRODUCT = YES;
			};
			name = Release;
		};
		6608B1332AEECD7D0076EE0B /* Debug */ = {
			isa = XCBuildConfiguration;
			buildSettings = {
				ASSETCATALOG_COMPILER_APPICON_NAME = AppIcon;
				ASSETCATALOG_COMPILER_GLOBAL_ACCENT_COLOR_NAME = AccentColor;
				CODE_SIGN_STYLE = Automatic;
				CURRENT_PROJECT_VERSION = 1;
				DEVELOPMENT_TEAM = H9ZNCFS8X5;
				GENERATE_INFOPLIST_FILE = YES;
				INFOPLIST_FILE = iucYemek/Info.plist;
				INFOPLIST_KEY_CFBundleDisplayName = "İÜC Yemek";
				INFOPLIST_KEY_LSApplicationCategoryType = "public.app-category.food-and-drink";
				INFOPLIST_KEY_UIApplicationSupportsIndirectInputEvents = YES;
				INFOPLIST_KEY_UILaunchStoryboardName = LaunchScreen;
				INFOPLIST_KEY_UIMainStoryboardFile = Main;
				INFOPLIST_KEY_UIStatusBarStyle = "";
				INFOPLIST_KEY_UISupportedInterfaceOrientations = UIInterfaceOrientationPortrait;
				LD_RUNPATH_SEARCH_PATHS = (
					"$(inherited)",
					"@executable_path/Frameworks",
				);
				MARKETING_VERSION = 1.0;
				PRODUCT_BUNDLE_IDENTIFIER = com.erenyavas.iucYemek;
				PRODUCT_NAME = "$(TARGET_NAME)";
				SWIFT_EMIT_LOC_STRINGS = YES;
				SWIFT_VERSION = 5.0;
				TARGETED_DEVICE_FAMILY = "1,2";
			};
			name = Debug;
		};
		6608B1342AEECD7D0076EE0B /* Release */ = {
			isa = XCBuildConfiguration;
			buildSettings = {
				ASSETCATALOG_COMPILER_APPICON_NAME = AppIcon;
				ASSETCATALOG_COMPILER_GLOBAL_ACCENT_COLOR_NAME = AccentColor;
				CODE_SIGN_STYLE = Automatic;
				CURRENT_PROJECT_VERSION = 1;
				DEVELOPMENT_TEAM = H9ZNCFS8X5;
				GENERATE_INFOPLIST_FILE = YES;
				INFOPLIST_FILE = iucYemek/Info.plist;
				INFOPLIST_KEY_CFBundleDisplayName = "İÜC Yemek";
				INFOPLIST_KEY_LSApplicationCategoryType = "public.app-category.food-and-drink";
				INFOPLIST_KEY_UIApplicationSupportsIndirectInputEvents = YES;
				INFOPLIST_KEY_UILaunchStoryboardName = LaunchScreen;
				INFOPLIST_KEY_UIMainStoryboardFile = Main;
				INFOPLIST_KEY_UIStatusBarStyle = "";
				INFOPLIST_KEY_UISupportedInterfaceOrientations = UIInterfaceOrientationPortrait;
				LD_RUNPATH_SEARCH_PATHS = (
					"$(inherited)",
					"@executable_path/Frameworks",
				);
				MARKETING_VERSION = 1.0;
				PRODUCT_BUNDLE_IDENTIFIER = com.erenyavas.iucYemek;
				PRODUCT_NAME = "$(TARGET_NAME)";
				SWIFT_EMIT_LOC_STRINGS = YES;
				SWIFT_VERSION = 5.0;
				TARGETED_DEVICE_FAMILY = "1,2";
			};
			name = Release;
		};
/* End XCBuildConfiguration section */

/* Begin XCConfigurationList section */
		6608B1192AEECD7C0076EE0B /* Build configuration list for PBXProject "iucYemek" */ = {
			isa = XCConfigurationList;
			buildConfigurations = (
				6608B1302AEECD7D0076EE0B /* Debug */,
				6608B1312AEECD7D0076EE0B /* Release */,
			);
			defaultConfigurationIsVisible = 0;
			defaultConfigurationName = Release;
		};
		6608B1322AEECD7D0076EE0B /* Build configuration list for PBXNativeTarget "iucYemek" */ = {
			isa = XCConfigurationList;
			buildConfigurations = (
				6608B1332AEECD7D0076EE0B /* Debug */,
				6608B1342AEECD7D0076EE0B /* Release */,
			);
			defaultConfigurationIsVisible = 0;
			defaultConfigurationName = Release;
		};
/* End XCConfigurationList section */
	};
	rootObject = 6608B1162AEECD7C0076EE0B /* Project object */;
}
